// !$*UTF8*$!
{
	archiveVersion = 1;
	classes = {
	};
	objectVersion = 56;
	objects = {

/* Begin PBXBuildFile section */
		EF66AF8329027B3C00890F6A /* AppDelegate.swift in Sources */ = {isa = PBXBuildFile; fileRef = EF66AF8229027B3C00890F6A /* AppDelegate.swift */; };
		EF66AF8529027B3C00890F6A /* SceneDelegate.swift in Sources */ = {isa = PBXBuildFile; fileRef = EF66AF8429027B3C00890F6A /* SceneDelegate.swift */; };
		EF66AF8729027B3C00890F6A /* MainViewController.swift in Sources */ = {isa = PBXBuildFile; fileRef = EF66AF8629027B3C00890F6A /* MainViewController.swift */; };
		EF66AF8C29027B3D00890F6A /* Assets.xcassets in Resources */ = {isa = PBXBuildFile; fileRef = EF66AF8B29027B3D00890F6A /* Assets.xcassets */; };
		EF66AF8F29027B3D00890F6A /* LaunchScreen.storyboard in Resources */ = {isa = PBXBuildFile; fileRef = EF66AF8D29027B3D00890F6A /* LaunchScreen.storyboard */; };
		EF66AF97290287CE00890F6A /* UserActionCell.swift in Sources */ = {isa = PBXBuildFile; fileRef = EF66AF96290287CE00890F6A /* UserActionCell.swift */; };
		EF66AF992902E5C100890F6A /* CollectionCellModel.swift in Sources */ = {isa = PBXBuildFile; fileRef = EF66AF982902E5C100890F6A /* CollectionCellModel.swift */; };
		EF705041290FF00100CA404F /* NetworkManager.swift in Sources */ = {isa = PBXBuildFile; fileRef = EF705040290FF00100CA404F /* NetworkManager.swift */; };
		EF7C2476290C76F20090D668 /* CharacterInfoViewController.swift in Sources */ = {isa = PBXBuildFile; fileRef = EF7C2475290C76F20090D668 /* CharacterInfoViewController.swift */; };
		EFF627FC2906C3B400D62DD1 /* CharacterViewController.swift in Sources */ = {isa = PBXBuildFile; fileRef = EFF627FB2906C3B400D62DD1 /* CharacterViewController.swift */; };
		EFF627FE2906D06600D62DD1 /* CharacterCell.swift in Sources */ = {isa = PBXBuildFile; fileRef = EFF627FD2906D06600D62DD1 /* CharacterCell.swift */; };
		EFF62800290719A700D62DD1 /* Character.swift in Sources */ = {isa = PBXBuildFile; fileRef = EFF627FF290719A700D62DD1 /* Character.swift */; };
/* End PBXBuildFile section */

/* Begin PBXFileReference section */
		EF66AF7F29027B3C00890F6A /* Star Wars with UIKit.app */ = {isa = PBXFileReference; explicitFileType = wrapper.application; includeInIndex = 0; path = "Star Wars with UIKit.app"; sourceTree = BUILT_PRODUCTS_DIR; };
		EF66AF8229027B3C00890F6A /* AppDelegate.swift */ = {isa = PBXFileReference; lastKnownFileType = sourcecode.swift; path = AppDelegate.swift; sourceTree = "<group>"; };
		EF66AF8429027B3C00890F6A /* SceneDelegate.swift */ = {isa = PBXFileReference; lastKnownFileType = sourcecode.swift; path = SceneDelegate.swift; sourceTree = "<group>"; };
		EF66AF8629027B3C00890F6A /* MainViewController.swift */ = {isa = PBXFileReference; lastKnownFileType = sourcecode.swift; path = MainViewController.swift; sourceTree = "<group>"; };
		EF66AF8B29027B3D00890F6A /* Assets.xcassets */ = {isa = PBXFileReference; lastKnownFileType = folder.assetcatalog; path = Assets.xcassets; sourceTree = "<group>"; };
		EF66AF8E29027B3D00890F6A /* Base */ = {isa = PBXFileReference; lastKnownFileType = file.storyboard; name = Base; path = Base.lproj/LaunchScreen.storyboard; sourceTree = "<group>"; };
		EF66AF9029027B3D00890F6A /* Info.plist */ = {isa = PBXFileReference; lastKnownFileType = text.plist.xml; path = Info.plist; sourceTree = "<group>"; };
		EF66AF96290287CE00890F6A /* UserActionCell.swift */ = {isa = PBXFileReference; lastKnownFileType = sourcecode.swift; path = UserActionCell.swift; sourceTree = "<group>"; };
		EF66AF982902E5C100890F6A /* CollectionCellModel.swift */ = {isa = PBXFileReference; lastKnownFileType = sourcecode.swift; path = CollectionCellModel.swift; sourceTree = "<group>"; };
		EF705040290FF00100CA404F /* NetworkManager.swift */ = {isa = PBXFileReference; lastKnownFileType = sourcecode.swift; path = NetworkManager.swift; sourceTree = "<group>"; };
		EF7C2475290C76F20090D668 /* CharacterInfoViewController.swift */ = {isa = PBXFileReference; lastKnownFileType = sourcecode.swift; path = CharacterInfoViewController.swift; sourceTree = "<group>"; };
		EFF627FB2906C3B400D62DD1 /* CharacterViewController.swift */ = {isa = PBXFileReference; lastKnownFileType = sourcecode.swift; path = CharacterViewController.swift; sourceTree = "<group>"; };
		EFF627FD2906D06600D62DD1 /* CharacterCell.swift */ = {isa = PBXFileReference; lastKnownFileType = sourcecode.swift; path = CharacterCell.swift; sourceTree = "<group>"; };
		EFF627FF290719A700D62DD1 /* Character.swift */ = {isa = PBXFileReference; lastKnownFileType = sourcecode.swift; path = Character.swift; sourceTree = "<group>"; };
/* End PBXFileReference section */

/* Begin PBXFrameworksBuildPhase section */
		EF66AF7C29027B3C00890F6A /* Frameworks */ = {
			isa = PBXFrameworksBuildPhase;
			buildActionMask = 2147483647;
			files = (
			);
			runOnlyForDeploymentPostprocessing = 0;
		};
/* End PBXFrameworksBuildPhase section */

/* Begin PBXGroup section */
		EF66AF7629027B3C00890F6A = {
			isa = PBXGroup;
			children = (
				EF66AF8129027B3C00890F6A /* Star Wars with UIKit */,
				EF66AF8029027B3C00890F6A /* Products */,
			);
			sourceTree = "<group>";
		};
		EF66AF8029027B3C00890F6A /* Products */ = {
			isa = PBXGroup;
			children = (
				EF66AF7F29027B3C00890F6A /* Star Wars with UIKit.app */,
			);
			name = Products;
			sourceTree = "<group>";
		};
		EF66AF8129027B3C00890F6A /* Star Wars with UIKit */ = {
			isa = PBXGroup;
			children = (
				EF7050472910382800CA404F /* SupportingFiles */,
				EF70504529102FB000CA404F /* Views */,
				EF70504429102F8300CA404F /* Services */,
				EF70504329102F5200CA404F /* ViewControllers */,
				EF70504229102E6A00CA404F /* Models */,
				EF66AF982902E5C100890F6A /* CollectionCellModel.swift */,
				EF66AF8B29027B3D00890F6A /* Assets.xcassets */,
				EF66AF8D29027B3D00890F6A /* LaunchScreen.storyboard */,
				EF66AF9029027B3D00890F6A /* Info.plist */,
			);
			path = "Star Wars with UIKit";
			sourceTree = "<group>";
		};
		EF70504229102E6A00CA404F /* Models */ = {
			isa = PBXGroup;
			children = (
				EFF627FF290719A700D62DD1 /* Character.swift */,
			);
			path = Models;
			sourceTree = "<group>";
		};
		EF70504329102F5200CA404F /* ViewControllers */ = {
			isa = PBXGroup;
			children = (
				EF66AF8629027B3C00890F6A /* MainViewController.swift */,
				EFF627FB2906C3B400D62DD1 /* CharacterViewController.swift */,
				EF7C2475290C76F20090D668 /* CharacterInfoViewController.swift */,
			);
			path = ViewControllers;
			sourceTree = "<group>";
		};
		EF70504429102F8300CA404F /* Services */ = {
			isa = PBXGroup;
			children = (
				EF705040290FF00100CA404F /* NetworkManager.swift */,
			);
			path = Services;
			sourceTree = "<group>";
		};
		EF70504529102FB000CA404F /* Views */ = {
			isa = PBXGroup;
			children = (
				EF66AF96290287CE00890F6A /* UserActionCell.swift */,
				EFF627FD2906D06600D62DD1 /* CharacterCell.swift */,
			);
			path = Views;
			sourceTree = "<group>";
		};
		EF7050472910382800CA404F /* SupportingFiles */ = {
			isa = PBXGroup;
			children = (
				EF66AF8429027B3C00890F6A /* SceneDelegate.swift */,
				EF66AF8229027B3C00890F6A /* AppDelegate.swift */,
			);
			path = SupportingFiles;
			sourceTree = "<group>";
		};
/* End PBXGroup section */

/* Begin PBXNativeTarget section */
		EF66AF7E29027B3C00890F6A /* Star Wars with UIKit */ = {
			isa = PBXNativeTarget;
			buildConfigurationList = EF66AF9329027B3D00890F6A /* Build configuration list for PBXNativeTarget "Star Wars with UIKit" */;
			buildPhases = (
				EF66AF7B29027B3C00890F6A /* Sources */,
				EF66AF7C29027B3C00890F6A /* Frameworks */,
				EF66AF7D29027B3C00890F6A /* Resources */,
			);
			buildRules = (
			);
			dependencies = (
			);
			name = "Star Wars with UIKit";
			productName = "Star Wars with UIKit";
			productReference = EF66AF7F29027B3C00890F6A /* Star Wars with UIKit.app */;
			productType = "com.apple.product-type.application";
		};
/* End PBXNativeTarget section */

/* Begin PBXProject section */
		EF66AF7729027B3C00890F6A /* Project object */ = {
			isa = PBXProject;
			attributes = {
				BuildIndependentTargetsInParallel = 1;
				LastSwiftUpdateCheck = 1400;
				LastUpgradeCheck = 1400;
				TargetAttributes = {
					EF66AF7E29027B3C00890F6A = {
						CreatedOnToolsVersion = 14.0.1;
					};
				};
			};
			buildConfigurationList = EF66AF7A29027B3C00890F6A /* Build configuration list for PBXProject "Star Wars with UIKit" */;
			compatibilityVersion = "Xcode 14.0";
			developmentRegion = en;
			hasScannedForEncodings = 0;
			knownRegions = (
				en,
				Base,
			);
			mainGroup = EF66AF7629027B3C00890F6A;
			productRefGroup = EF66AF8029027B3C00890F6A /* Products */;
			projectDirPath = "";
			projectRoot = "";
			targets = (
				EF66AF7E29027B3C00890F6A /* Star Wars with UIKit */,
			);
		};
/* End PBXProject section */

/* Begin PBXResourcesBuildPhase section */
		EF66AF7D29027B3C00890F6A /* Resources */ = {
			isa = PBXResourcesBuildPhase;
			buildActionMask = 2147483647;
			files = (
				EF66AF8F29027B3D00890F6A /* LaunchScreen.storyboard in Resources */,
				EF66AF8C29027B3D00890F6A /* Assets.xcassets in Resources */,
			);
			runOnlyForDeploymentPostprocessing = 0;
		};
/* End PBXResourcesBuildPhase section */

/* Begin PBXSourcesBuildPhase section */
		EF66AF7B29027B3C00890F6A /* Sources */ = {
			isa = PBXSourcesBuildPhase;
			buildActionMask = 2147483647;
			files = (
				EFF627FC2906C3B400D62DD1 /* CharacterViewController.swift in Sources */,
				EF7C2476290C76F20090D668 /* CharacterInfoViewController.swift in Sources */,
				EF705041290FF00100CA404F /* NetworkManager.swift in Sources */,
				EF66AF992902E5C100890F6A /* CollectionCellModel.swift in Sources */,
				EF66AF97290287CE00890F6A /* UserActionCell.swift in Sources */,
				EFF627FE2906D06600D62DD1 /* CharacterCell.swift in Sources */,
				EF66AF8729027B3C00890F6A /* MainViewController.swift in Sources */,
				EF66AF8329027B3C00890F6A /* AppDelegate.swift in Sources */,
				EF66AF8529027B3C00890F6A /* SceneDelegate.swift in Sources */,
				EFF62800290719A700D62DD1 /* Character.swift in Sources */,
			);
			runOnlyForDeploymentPostprocessing = 0;
		};
/* End PBXSourcesBuildPhase section */

/* Begin PBXVariantGroup section */
		EF66AF8D29027B3D00890F6A /* LaunchScreen.storyboard */ = {
			isa = PBXVariantGroup;
			children = (
				EF66AF8E29027B3D00890F6A /* Base */,
			);
			name = LaunchScreen.storyboard;
			sourceTree = "<group>";
		};
/* End PBXVariantGroup section */

/* Begin XCBuildConfiguration section */
		EF66AF9129027B3D00890F6A /* Debug */ = {
			isa = XCBuildConfiguration;
			buildSettings = {
				ALWAYS_SEARCH_USER_PATHS = NO;
				CLANG_ANALYZER_NONNULL = YES;
				CLANG_ANALYZER_NUMBER_OBJECT_CONVERSION = YES_AGGRESSIVE;
				CLANG_CXX_LANGUAGE_STANDARD = "gnu++20";
				CLANG_ENABLE_MODULES = YES;
				CLANG_ENABLE_OBJC_ARC = YES;
				CLANG_ENABLE_OBJC_WEAK = YES;
				CLANG_WARN_BLOCK_CAPTURE_AUTORELEASING = YES;
				CLANG_WARN_BOOL_CONVERSION = YES;
				CLANG_WARN_COMMA = YES;
				CLANG_WARN_CONSTANT_CONVERSION = YES;
				CLANG_WARN_DEPRECATED_OBJC_IMPLEMENTATIONS = YES;
				CLANG_WARN_DIRECT_OBJC_ISA_USAGE = YES_ERROR;
				CLANG_WARN_DOCUMENTATION_COMMENTS = YES;
				CLANG_WARN_EMPTY_BODY = YES;
				CLANG_WARN_ENUM_CONVERSION = YES;
				CLANG_WARN_INFINITE_RECURSION = YES;
				CLANG_WARN_INT_CONVERSION = YES;
				CLANG_WARN_NON_LITERAL_NULL_CONVERSION = YES;
				CLANG_WARN_OBJC_IMPLICIT_RETAIN_SELF = YES;
				CLANG_WARN_OBJC_LITERAL_CONVERSION = YES;
				CLANG_WARN_OBJC_ROOT_CLASS = YES_ERROR;
				CLANG_WARN_QUOTED_INCLUDE_IN_FRAMEWORK_HEADER = YES;
				CLANG_WARN_RANGE_LOOP_ANALYSIS = YES;
				CLANG_WARN_STRICT_PROTOTYPES = YES;
				CLANG_WARN_SUSPICIOUS_MOVE = YES;
				CLANG_WARN_UNGUARDED_AVAILABILITY = YES_AGGRESSIVE;
				CLANG_WARN_UNREACHABLE_CODE = YES;
				CLANG_WARN__DUPLICATE_METHOD_MATCH = YES;
				COPY_PHASE_STRIP = NO;
				DEBUG_INFORMATION_FORMAT = dwarf;
				ENABLE_STRICT_OBJC_MSGSEND = YES;
				ENABLE_TESTABILITY = YES;
				GCC_C_LANGUAGE_STANDARD = gnu11;
				GCC_DYNAMIC_NO_PIC = NO;
				GCC_NO_COMMON_BLOCKS = YES;
				GCC_OPTIMIZATION_LEVEL = 0;
				GCC_PREPROCESSOR_DEFINITIONS = (
					"DEBUG=1",
					"$(inherited)",
				);
				GCC_WARN_64_TO_32_BIT_CONVERSION = YES;
				GCC_WARN_ABOUT_RETURN_TYPE = YES_ERROR;
				GCC_WARN_UNDECLARED_SELECTOR = YES;
				GCC_WARN_UNINITIALIZED_AUTOS = YES_AGGRESSIVE;
				GCC_WARN_UNUSED_FUNCTION = YES;
				GCC_WARN_UNUSED_VARIABLE = YES;
				IPHONEOS_DEPLOYMENT_TARGET = 16.0;
				MTL_ENABLE_DEBUG_INFO = INCLUDE_SOURCE;
				MTL_FAST_MATH = YES;
				ONLY_ACTIVE_ARCH = YES;
				SDKROOT = iphoneos;
				SWIFT_ACTIVE_COMPILATION_CONDITIONS = DEBUG;
				SWIFT_OPTIMIZATION_LEVEL = "-Onone";
			};
			name = Debug;
		};
		EF66AF9229027B3D00890F6A /* Release */ = {
			isa = XCBuildConfiguration;
			buildSettings = {
				ALWAYS_SEARCH_USER_PATHS = NO;
				CLANG_ANALYZER_NONNULL = YES;
				CLANG_ANALYZER_NUMBER_OBJECT_CONVERSION = YES_AGGRESSIVE;
				CLANG_CXX_LANGUAGE_STANDARD = "gnu++20";
				CLANG_ENABLE_MODULES = YES;
				CLANG_ENABLE_OBJC_ARC = YES;
				CLANG_ENABLE_OBJC_WEAK = YES;
				CLANG_WARN_BLOCK_CAPTURE_AUTORELEASING = YES;
				CLANG_WARN_BOOL_CONVERSION = YES;
				CLANG_WARN_COMMA = YES;
				CLANG_WARN_CONSTANT_CONVERSION = YES;
				CLANG_WARN_DEPRECATED_OBJC_IMPLEMENTATIONS = YES;
				CLANG_WARN_DIRECT_OBJC_ISA_USAGE = YES_ERROR;
				CLANG_WARN_DOCUMENTATION_COMMENTS = YES;
				CLANG_WARN_EMPTY_BODY = YES;
				CLANG_WARN_ENUM_CONVERSION = YES;
				CLANG_WARN_INFINITE_RECURSION = YES;
				CLANG_WARN_INT_CONVERSION = YES;
				CLANG_WARN_NON_LITERAL_NULL_CONVERSION = YES;
				CLANG_WARN_OBJC_IMPLICIT_RETAIN_SELF = YES;
				CLANG_WARN_OBJC_LITERAL_CONVERSION = YES;
				CLANG_WARN_OBJC_ROOT_CLASS = YES_ERROR;
				CLANG_WARN_QUOTED_INCLUDE_IN_FRAMEWORK_HEADER = YES;
				CLANG_WARN_RANGE_LOOP_ANALYSIS = YES;
				CLANG_WARN_STRICT_PROTOTYPES = YES;
				CLANG_WARN_SUSPICIOUS_MOVE = YES;
				CLANG_WARN_UNGUARDED_AVAILABILITY = YES_AGGRESSIVE;
				CLANG_WARN_UNREACHABLE_CODE = YES;
				CLANG_WARN__DUPLICATE_METHOD_MATCH = YES;
				COPY_PHASE_STRIP = NO;
				DEBUG_INFORMATION_FORMAT = "dwarf-with-dsym";
				ENABLE_NS_ASSERTIONS = NO;
				ENABLE_STRICT_OBJC_MSGSEND = YES;
				GCC_C_LANGUAGE_STANDARD = gnu11;
				GCC_NO_COMMON_BLOCKS = YES;
				GCC_WARN_64_TO_32_BIT_CONVERSION = YES;
				GCC_WARN_ABOUT_RETURN_TYPE = YES_ERROR;
				GCC_WARN_UNDECLARED_SELECTOR = YES;
				GCC_WARN_UNINITIALIZED_AUTOS = YES_AGGRESSIVE;
				GCC_WARN_UNUSED_FUNCTION = YES;
				GCC_WARN_UNUSED_VARIABLE = YES;
				IPHONEOS_DEPLOYMENT_TARGET = 16.0;
				MTL_ENABLE_DEBUG_INFO = NO;
				MTL_FAST_MATH = YES;
				SDKROOT = iphoneos;
				SWIFT_COMPILATION_MODE = wholemodule;
				SWIFT_OPTIMIZATION_LEVEL = "-O";
				VALIDATE_PRODUCT = YES;
			};
			name = Release;
		};
		EF66AF9429027B3D00890F6A /* Debug */ = {
			isa = XCBuildConfiguration;
			buildSettings = {
				ASSETCATALOG_COMPILER_APPICON_NAME = AppIcon;
				ASSETCATALOG_COMPILER_GLOBAL_ACCENT_COLOR_NAME = AccentColor;
				CODE_SIGN_STYLE = Automatic;
				CURRENT_PROJECT_VERSION = 1;
				DEVELOPMENT_TEAM = XL6Q59VDPK;
				GENERATE_INFOPLIST_FILE = YES;
				INFOPLIST_FILE = "Star Wars with UIKit/Info.plist";
				INFOPLIST_KEY_UIApplicationSupportsIndirectInputEvents = YES;
				INFOPLIST_KEY_UILaunchStoryboardName = LaunchScreen;
				INFOPLIST_KEY_UIStatusBarStyle = "";
				INFOPLIST_KEY_UISupportedInterfaceOrientations_iPad = "UIInterfaceOrientationPortrait UIInterfaceOrientationPortraitUpsideDown UIInterfaceOrientationLandscapeLeft UIInterfaceOrientationLandscapeRight";
				INFOPLIST_KEY_UISupportedInterfaceOrientations_iPhone = "UIInterfaceOrientationPortrait UIInterfaceOrientationLandscapeLeft UIInterfaceOrientationLandscapeRight";
				LD_RUNPATH_SEARCH_PATHS = (
					"$(inherited)",
					"@executable_path/Frameworks",
				);
				MARKETING_VERSION = 1.0;
				PRODUCT_BUNDLE_IDENTIFIER = "Test.test.Star-Wars-with-UIKit";
				PRODUCT_NAME = "$(TARGET_NAME)";
				SWIFT_EMIT_LOC_STRINGS = YES;
				SWIFT_VERSION = 5.0;
				TARGETED_DEVICE_FAMILY = "1,2";
			};
			name = Debug;
		};
		EF66AF9529027B3D00890F6A /* Release */ = {
			isa = XCBuildConfiguration;
			buildSettings = {
				ASSETCATALOG_COMPILER_APPICON_NAME = AppIcon;
				ASSETCATALOG_COMPILER_GLOBAL_ACCENT_COLOR_NAME = AccentColor;
				CODE_SIGN_STYLE = Automatic;
				CURRENT_PROJECT_VERSION = 1;
				DEVELOPMENT_TEAM = XL6Q59VDPK;
				GENERATE_INFOPLIST_FILE = YES;
				INFOPLIST_FILE = "Star Wars with UIKit/Info.plist";
				INFOPLIST_KEY_UIApplicationSupportsIndirectInputEvents = YES;
				INFOPLIST_KEY_UILaunchStoryboardName = LaunchScreen;
				INFOPLIST_KEY_UIStatusBarStyle = "";
				INFOPLIST_KEY_UISupportedInterfaceOrientations_iPad = "UIInterfaceOrientationPortrait UIInterfaceOrientationPortraitUpsideDown UIInterfaceOrientationLandscapeLeft UIInterfaceOrientationLandscapeRight";
				INFOPLIST_KEY_UISupportedInterfaceOrientations_iPhone = "UIInterfaceOrientationPortrait UIInterfaceOrientationLandscapeLeft UIInterfaceOrientationLandscapeRight";
				LD_RUNPATH_SEARCH_PATHS = (
					"$(inherited)",
					"@executable_path/Frameworks",
				);
				MARKETING_VERSION = 1.0;
				PRODUCT_BUNDLE_IDENTIFIER = "Test.test.Star-Wars-with-UIKit";
				PRODUCT_NAME = "$(TARGET_NAME)";
				SWIFT_EMIT_LOC_STRINGS = YES;
				SWIFT_VERSION = 5.0;
				TARGETED_DEVICE_FAMILY = "1,2";
			};
			name = Release;
		};
/* End XCBuildConfiguration section */

/* Begin XCConfigurationList section */
		EF66AF7A29027B3C00890F6A /* Build configuration list for PBXProject "Star Wars with UIKit" */ = {
			isa = XCConfigurationList;
			buildConfigurations = (
				EF66AF9129027B3D00890F6A /* Debug */,
				EF66AF9229027B3D00890F6A /* Release */,
			);
			defaultConfigurationIsVisible = 0;
			defaultConfigurationName = Release;
		};
		EF66AF9329027B3D00890F6A /* Build configuration list for PBXNativeTarget "Star Wars with UIKit" */ = {
			isa = XCConfigurationList;
			buildConfigurations = (
				EF66AF9429027B3D00890F6A /* Debug */,
				EF66AF9529027B3D00890F6A /* Release */,
			);
			defaultConfigurationIsVisible = 0;
			defaultConfigurationName = Release;
		};
/* End XCConfigurationList section */
	};
	rootObject = EF66AF7729027B3C00890F6A /* Project object */;
}
